// !$*UTF8*$!
{
	archiveVersion = 1;
	classes = {
	};
	objectVersion = 56;
	objects = {

/* Begin PBXBuildFile section */
		BCE498FE2BEF517800008159 /* PexelsRandomVideoApp.swift in Sources */ = {isa = PBXBuildFile; fileRef = BCE498FD2BEF517800008159 /* PexelsRandomVideoApp.swift */; };
		BCE499002BEF517800008159 /* ContentView.swift in Sources */ = {isa = PBXBuildFile; fileRef = BCE498FF2BEF517800008159 /* ContentView.swift */; };
		BCE499022BEF517A00008159 /* Assets.xcassets in Resources */ = {isa = PBXBuildFile; fileRef = BCE499012BEF517A00008159 /* Assets.xcassets */; };
		BCE499052BEF517A00008159 /* Preview Assets.xcassets in Resources */ = {isa = PBXBuildFile; fileRef = BCE499042BEF517A00008159 /* Preview Assets.xcassets */; };
		BCE4990D2BF096BE00008159 /* QueryTagView.swift in Sources */ = {isa = PBXBuildFile; fileRef = BCE4990C2BF096BE00008159 /* QueryTagView.swift */; };
		BCE499112BF0978200008159 /* VideoManager.swift in Sources */ = {isa = PBXBuildFile; fileRef = BCE499102BF0978200008159 /* VideoManager.swift */; };
		BCE499132BF0987800008159 /* VideoCardView.swift in Sources */ = {isa = PBXBuildFile; fileRef = BCE499122BF0987800008159 /* VideoCardView.swift */; };
		BCE499162BF09B6C00008159 /* videoData.json in Resources */ = {isa = PBXBuildFile; fileRef = BCE499152BF09B6C00008159 /* videoData.json */; };
		BCE499192BF09BAE00008159 /* ModelData.swift in Sources */ = {isa = PBXBuildFile; fileRef = BCE499182BF09BAE00008159 /* ModelData.swift */; };
		BCE4991D2BF09CA900008159 /* VideoView.swift in Sources */ = {isa = PBXBuildFile; fileRef = BCE4991C2BF09CA900008159 /* VideoView.swift */; };
/* End PBXBuildFile section */

/* Begin PBXFileReference section */
		BCE498FA2BEF517800008159 /* PexelsRandomVideo.app */ = {isa = PBXFileReference; explicitFileType = wrapper.application; includeInIndex = 0; path = PexelsRandomVideo.app; sourceTree = BUILT_PRODUCTS_DIR; };
		BCE498FD2BEF517800008159 /* PexelsRandomVideoApp.swift */ = {isa = PBXFileReference; lastKnownFileType = sourcecode.swift; path = PexelsRandomVideoApp.swift; sourceTree = "<group>"; };
		BCE498FF2BEF517800008159 /* ContentView.swift */ = {isa = PBXFileReference; lastKnownFileType = sourcecode.swift; path = ContentView.swift; sourceTree = "<group>"; };
		BCE499012BEF517A00008159 /* Assets.xcassets */ = {isa = PBXFileReference; lastKnownFileType = folder.assetcatalog; path = Assets.xcassets; sourceTree = "<group>"; };
		BCE499042BEF517A00008159 /* Preview Assets.xcassets */ = {isa = PBXFileReference; lastKnownFileType = folder.assetcatalog; path = "Preview Assets.xcassets"; sourceTree = "<group>"; };
		BCE4990C2BF096BE00008159 /* QueryTagView.swift */ = {isa = PBXFileReference; lastKnownFileType = sourcecode.swift; path = QueryTagView.swift; sourceTree = "<group>"; };
		BCE499102BF0978200008159 /* VideoManager.swift */ = {isa = PBXFileReference; lastKnownFileType = sourcecode.swift; path = VideoManager.swift; sourceTree = "<group>"; };
		BCE499122BF0987800008159 /* VideoCardView.swift */ = {isa = PBXFileReference; lastKnownFileType = sourcecode.swift; path = VideoCardView.swift; sourceTree = "<group>"; };
		BCE499152BF09B6C00008159 /* videoData.json */ = {isa = PBXFileReference; fileEncoding = 4; lastKnownFileType = text.json; path = videoData.json; sourceTree = "<group>"; };
		BCE499182BF09BAE00008159 /* ModelData.swift */ = {isa = PBXFileReference; lastKnownFileType = sourcecode.swift; path = ModelData.swift; sourceTree = "<group>"; };
		BCE4991C2BF09CA900008159 /* VideoView.swift */ = {isa = PBXFileReference; lastKnownFileType = sourcecode.swift; path = VideoView.swift; sourceTree = "<group>"; };
/* End PBXFileReference section */

/* Begin PBXFrameworksBuildPhase section */
		BCE498F72BEF517800008159 /* Frameworks */ = {
			isa = PBXFrameworksBuildPhase;
			buildActionMask = 2147483647;
			files = (
			);
			runOnlyForDeploymentPostprocessing = 0;
		};
/* End PBXFrameworksBuildPhase section */

/* Begin PBXGroup section */
		BCE498F12BEF517800008159 = {
			isa = PBXGroup;
			children = (
				BCE498FC2BEF517800008159 /* PexelsRandomVideo */,
				BCE498FB2BEF517800008159 /* Products */,
			);
			sourceTree = "<group>";
		};
		BCE498FB2BEF517800008159 /* Products */ = {
			isa = PBXGroup;
			children = (
				BCE498FA2BEF517800008159 /* PexelsRandomVideo.app */,
			);
			name = Products;
			sourceTree = "<group>";
		};
		BCE498FC2BEF517800008159 /* PexelsRandomVideo */ = {
			isa = PBXGroup;
			children = (
				BCE4990B2BF096AE00008159 /* Compenents */,
				BCE4990E2BF0975B00008159 /* Root */,
				BCE4990F2BF0976600008159 /* Views */,
				BCE499142BF09A2000008159 /* Service */,
				BCE499012BEF517A00008159 /* Assets.xcassets */,
				BCE499032BEF517A00008159 /* Preview Content */,
			);
			path = PexelsRandomVideo;
			sourceTree = "<group>";
		};
		BCE499032BEF517A00008159 /* Preview Content */ = {
			isa = PBXGroup;
			children = (
				BCE499042BEF517A00008159 /* Preview Assets.xcassets */,
			);
			path = "Preview Content";
			sourceTree = "<group>";
		};
		BCE4990B2BF096AE00008159 /* Compenents */ = {
			isa = PBXGroup;
			children = (
				BCE4990C2BF096BE00008159 /* QueryTagView.swift */,
				BCE499122BF0987800008159 /* VideoCardView.swift */,
			);
			path = Compenents;
			sourceTree = "<group>";
		};
		BCE4990E2BF0975B00008159 /* Root */ = {
			isa = PBXGroup;
			children = (
				BCE498FD2BEF517800008159 /* PexelsRandomVideoApp.swift */,
			);
			path = Root;
			sourceTree = "<group>";
		};
		BCE4990F2BF0976600008159 /* Views */ = {
			isa = PBXGroup;
			children = (
				BCE498FF2BEF517800008159 /* ContentView.swift */,
				BCE4991C2BF09CA900008159 /* VideoView.swift */,
			);
			path = Views;
			sourceTree = "<group>";
		};
		BCE499142BF09A2000008159 /* Service */ = {
			isa = PBXGroup;
			children = (
				BCE499102BF0978200008159 /* VideoManager.swift */,
				BCE499152BF09B6C00008159 /* videoData.json */,
				BCE499182BF09BAE00008159 /* ModelData.swift */,
			);
			path = Service;
			sourceTree = "<group>";
		};
/* End PBXGroup section */

/* Begin PBXNativeTarget section */
		BCE498F92BEF517800008159 /* PexelsRandomVideo */ = {
			isa = PBXNativeTarget;
			buildConfigurationList = BCE499082BEF517A00008159 /* Build configuration list for PBXNativeTarget "PexelsRandomVideo" */;
			buildPhases = (
				BCE498F62BEF517800008159 /* Sources */,
				BCE498F72BEF517800008159 /* Frameworks */,
				BCE498F82BEF517800008159 /* Resources */,
			);
			buildRules = (
			);
			dependencies = (
			);
			name = PexelsRandomVideo;
			productName = PexelsRandomVideo;
			productReference = BCE498FA2BEF517800008159 /* PexelsRandomVideo.app */;
			productType = "com.apple.product-type.application";
		};
/* End PBXNativeTarget section */

/* Begin PBXProject section */
		BCE498F22BEF517800008159 /* Project object */ = {
			isa = PBXProject;
			attributes = {
				BuildIndependentTargetsInParallel = 1;
				LastSwiftUpdateCheck = 1510;
				LastUpgradeCheck = 1510;
				TargetAttributes = {
					BCE498F92BEF517800008159 = {
						CreatedOnToolsVersion = 15.1;
					};
				};
			};
			buildConfigurationList = BCE498F52BEF517800008159 /* Build configuration list for PBXProject "PexelsRandomVideo" */;
			compatibilityVersion = "Xcode 14.0";
			developmentRegion = en;
			hasScannedForEncodings = 0;
			knownRegions = (
				en,
				Base,
			);
			mainGroup = BCE498F12BEF517800008159;
			productRefGroup = BCE498FB2BEF517800008159 /* Products */;
			projectDirPath = "";
			projectRoot = "";
			targets = (
				BCE498F92BEF517800008159 /* PexelsRandomVideo */,
			);
		};
/* End PBXProject section */

/* Begin PBXResourcesBuildPhase section */
		BCE498F82BEF517800008159 /* Resources */ = {
			isa = PBXResourcesBuildPhase;
			buildActionMask = 2147483647;
			files = (
				BCE499052BEF517A00008159 /* Preview Assets.xcassets in Resources */,
				BCE499022BEF517A00008159 /* Assets.xcassets in Resources */,
				BCE499162BF09B6C00008159 /* videoData.json in Resources */,
			);
			runOnlyForDeploymentPostprocessing = 0;
		};
/* End PBXResourcesBuildPhase section */

/* Begin PBXSourcesBuildPhase section */
		BCE498F62BEF517800008159 /* Sources */ = {
			isa = PBXSourcesBuildPhase;
			buildActionMask = 2147483647;
			files = (
				BCE499002BEF517800008159 /* ContentView.swift in Sources */,
				BCE4991D2BF09CA900008159 /* VideoView.swift in Sources */,
				BCE498FE2BEF517800008159 /* PexelsRandomVideoApp.swift in Sources */,
				BCE4990D2BF096BE00008159 /* QueryTagView.swift in Sources */,
				BCE499112BF0978200008159 /* VideoManager.swift in Sources */,
				BCE499132BF0987800008159 /* VideoCardView.swift in Sources */,
				BCE499192BF09BAE00008159 /* ModelData.swift in Sources */,
			);
			runOnlyForDeploymentPostprocessing = 0;
		};
/* End PBXSourcesBuildPhase section */

/* Begin XCBuildConfiguration section */
		BCE499062BEF517A00008159 /* Debug */ = {
			isa = XCBuildConfiguration;
			buildSettings = {
				ALWAYS_SEARCH_USER_PATHS = NO;
				ASSETCATALOG_COMPILER_GENERATE_SWIFT_ASSET_SYMBOL_EXTENSIONS = YES;
				CLANG_ANALYZER_NONNULL = YES;
				CLANG_ANALYZER_NUMBER_OBJECT_CONVERSION = YES_AGGRESSIVE;
				CLANG_CXX_LANGUAGE_STANDARD = "gnu++20";
				CLANG_ENABLE_MODULES = YES;
				CLANG_ENABLE_OBJC_ARC = YES;
				CLANG_ENABLE_OBJC_WEAK = YES;
				CLANG_WARN_BLOCK_CAPTURE_AUTORELEASING = YES;
				CLANG_WARN_BOOL_CONVERSION = YES;
				CLANG_WARN_COMMA = YES;
				CLANG_WARN_CONSTANT_CONVERSION = YES;
				CLANG_WARN_DEPRECATED_OBJC_IMPLEMENTATIONS = YES;
				CLANG_WARN_DIRECT_OBJC_ISA_USAGE = YES_ERROR;
				CLANG_WARN_DOCUMENTATION_COMMENTS = YES;
				CLANG_WARN_EMPTY_BODY = YES;
				CLANG_WARN_ENUM_CONVERSION = YES;
				CLANG_WARN_INFINITE_RECURSION = YES;
				CLANG_WARN_INT_CONVERSION = YES;
				CLANG_WARN_NON_LITERAL_NULL_CONVERSION = YES;
				CLANG_WARN_OBJC_IMPLICIT_RETAIN_SELF = YES;
				CLANG_WARN_OBJC_LITERAL_CONVERSION = YES;
				CLANG_WARN_OBJC_ROOT_CLASS = YES_ERROR;
				CLANG_WARN_QUOTED_INCLUDE_IN_FRAMEWORK_HEADER = YES;
				CLANG_WARN_RANGE_LOOP_ANALYSIS = YES;
				CLANG_WARN_STRICT_PROTOTYPES = YES;
				CLANG_WARN_SUSPICIOUS_MOVE = YES;
				CLANG_WARN_UNGUARDED_AVAILABILITY = YES_AGGRESSIVE;
				CLANG_WARN_UNREACHABLE_CODE = YES;
				CLANG_WARN__DUPLICATE_METHOD_MATCH = YES;
				COPY_PHASE_STRIP = NO;
				DEBUG_INFORMATION_FORMAT = dwarf;
				ENABLE_STRICT_OBJC_MSGSEND = YES;
				ENABLE_TESTABILITY = YES;
				ENABLE_USER_SCRIPT_SANDBOXING = YES;
				GCC_C_LANGUAGE_STANDARD = gnu17;
				GCC_DYNAMIC_NO_PIC = NO;
				GCC_NO_COMMON_BLOCKS = YES;
				GCC_OPTIMIZATION_LEVEL = 0;
				GCC_PREPROCESSOR_DEFINITIONS = (
					"DEBUG=1",
					"$(inherited)",
				);
				GCC_WARN_64_TO_32_BIT_CONVERSION = YES;
				GCC_WARN_ABOUT_RETURN_TYPE = YES_ERROR;
				GCC_WARN_UNDECLARED_SELECTOR = YES;
				GCC_WARN_UNINITIALIZED_AUTOS = YES_AGGRESSIVE;
				GCC_WARN_UNUSED_FUNCTION = YES;
				GCC_WARN_UNUSED_VARIABLE = YES;
				IPHONEOS_DEPLOYMENT_TARGET = 17.2;
				LOCALIZATION_PREFERS_STRING_CATALOGS = YES;
				MTL_ENABLE_DEBUG_INFO = INCLUDE_SOURCE;
				MTL_FAST_MATH = YES;
				ONLY_ACTIVE_ARCH = YES;
				SDKROOT = iphoneos;
				SWIFT_ACTIVE_COMPILATION_CONDITIONS = "DEBUG $(inherited)";
				SWIFT_OPTIMIZATION_LEVEL = "-Onone";
			};
			name = Debug;
		};
		BCE499072BEF517A00008159 /* Release */ = {
			isa = XCBuildConfiguration;
			buildSettings = {
				ALWAYS_SEARCH_USER_PATHS = NO;
				ASSETCATALOG_COMPILER_GENERATE_SWIFT_ASSET_SYMBOL_EXTENSIONS = YES;
				CLANG_ANALYZER_NONNULL = YES;
				CLANG_ANALYZER_NUMBER_OBJECT_CONVERSION = YES_AGGRESSIVE;
				CLANG_CXX_LANGUAGE_STANDARD = "gnu++20";
				CLANG_ENABLE_MODULES = YES;
				CLANG_ENABLE_OBJC_ARC = YES;
				CLANG_ENABLE_OBJC_WEAK = YES;
				CLANG_WARN_BLOCK_CAPTURE_AUTORELEASING = YES;
				CLANG_WARN_BOOL_CONVERSION = YES;
				CLANG_WARN_COMMA = YES;
				CLANG_WARN_CONSTANT_CONVERSION = YES;
				CLANG_WARN_DEPRECATED_OBJC_IMPLEMENTATIONS = YES;
				CLANG_WARN_DIRECT_OBJC_ISA_USAGE = YES_ERROR;
				CLANG_WARN_DOCUMENTATION_COMMENTS = YES;
				CLANG_WARN_EMPTY_BODY = YES;
				CLANG_WARN_ENUM_CONVERSION = YES;
				CLANG_WARN_INFINITE_RECURSION = YES;
				CLANG_WARN_INT_CONVERSION = YES;
				CLANG_WARN_NON_LITERAL_NULL_CONVERSION = YES;
				CLANG_WARN_OBJC_IMPLICIT_RETAIN_SELF = YES;
				CLANG_WARN_OBJC_LITERAL_CONVERSION = YES;
				CLANG_WARN_OBJC_ROOT_CLASS = YES_ERROR;
				CLANG_WARN_QUOTED_INCLUDE_IN_FRAMEWORK_HEADER = YES;
				CLANG_WARN_RANGE_LOOP_ANALYSIS = YES;
				CLANG_WARN_STRICT_PROTOTYPES = YES;
				CLANG_WARN_SUSPICIOUS_MOVE = YES;
				CLANG_WARN_UNGUARDED_AVAILABILITY = YES_AGGRESSIVE;
				CLANG_WARN_UNREACHABLE_CODE = YES;
				CLANG_WARN__DUPLICATE_METHOD_MATCH = YES;
				COPY_PHASE_STRIP = NO;
				DEBUG_INFORMATION_FORMAT = "dwarf-with-dsym";
				ENABLE_NS_ASSERTIONS = NO;
				ENABLE_STRICT_OBJC_MSGSEND = YES;
				ENABLE_USER_SCRIPT_SANDBOXING = YES;
				GCC_C_LANGUAGE_STANDARD = gnu17;
				GCC_NO_COMMON_BLOCKS = YES;
				GCC_WARN_64_TO_32_BIT_CONVERSION = YES;
				GCC_WARN_ABOUT_RETURN_TYPE = YES_ERROR;
				GCC_WARN_UNDECLARED_SELECTOR = YES;
				GCC_WARN_UNINITIALIZED_AUTOS = YES_AGGRESSIVE;
				GCC_WARN_UNUSED_FUNCTION = YES;
				GCC_WARN_UNUSED_VARIABLE = YES;
				IPHONEOS_DEPLOYMENT_TARGET = 17.2;
				LOCALIZATION_PREFERS_STRING_CATALOGS = YES;
				MTL_ENABLE_DEBUG_INFO = NO;
				MTL_FAST_MATH = YES;
				SDKROOT = iphoneos;
				SWIFT_COMPILATION_MODE = wholemodule;
				VALIDATE_PRODUCT = YES;
			};
			name = Release;
		};
		BCE499092BEF517A00008159 /* Debug */ = {
			isa = XCBuildConfiguration;
			buildSettings = {
				ASSETCATALOG_COMPILER_APPICON_NAME = AppIcon;
				ASSETCATALOG_COMPILER_GLOBAL_ACCENT_COLOR_NAME = AccentColor;
				CODE_SIGN_STYLE = Automatic;
				CURRENT_PROJECT_VERSION = 1;
				DEVELOPMENT_ASSET_PATHS = "\"PexelsRandomVideo/Preview Content\"";
				DEVELOPMENT_TEAM = 2PWGJZG35F;
				ENABLE_PREVIEWS = YES;
				GENERATE_INFOPLIST_FILE = YES;
				INFOPLIST_KEY_UIApplicationSceneManifest_Generation = YES;
				INFOPLIST_KEY_UIApplicationSupportsIndirectInputEvents = YES;
				INFOPLIST_KEY_UILaunchScreen_Generation = YES;
				INFOPLIST_KEY_UISupportedInterfaceOrientations_iPad = "UIInterfaceOrientationPortrait UIInterfaceOrientationPortraitUpsideDown UIInterfaceOrientationLandscapeLeft UIInterfaceOrientationLandscapeRight";
				INFOPLIST_KEY_UISupportedInterfaceOrientations_iPhone = "UIInterfaceOrientationPortrait UIInterfaceOrientationLandscapeLeft UIInterfaceOrientationLandscapeRight";
				LD_RUNPATH_SEARCH_PATHS = (
					"$(inherited)",
					"@executable_path/Frameworks",
				);
				MARKETING_VERSION = 1.0;
				PRODUCT_BUNDLE_IDENTIFIER = app.enes.PexelsRandomVideo;
				PRODUCT_NAME = "$(TARGET_NAME)";
				SWIFT_EMIT_LOC_STRINGS = YES;
				SWIFT_VERSION = 5.0;
				TARGETED_DEVICE_FAMILY = "1,2";
			};
			name = Debug;
		};
		BCE4990A2BEF517A00008159 /* Release */ = {
			isa = XCBuildConfiguration;
			buildSettings = {
				ASSETCATALOG_COMPILER_APPICON_NAME = AppIcon;
				ASSETCATALOG_COMPILER_GLOBAL_ACCENT_COLOR_NAME = AccentColor;
				CODE_SIGN_STYLE = Automatic;
				CURRENT_PROJECT_VERSION = 1;
				DEVELOPMENT_ASSET_PATHS = "\"PexelsRandomVideo/Preview Content\"";
				DEVELOPMENT_TEAM = 2PWGJZG35F;
				ENABLE_PREVIEWS = YES;
				GENERATE_INFOPLIST_FILE = YES;
				INFOPLIST_KEY_UIApplicationSceneManifest_Generation = YES;
				INFOPLIST_KEY_UIApplicationSupportsIndirectInputEvents = YES;
				INFOPLIST_KEY_UILaunchScreen_Generation = YES;
				INFOPLIST_KEY_UISupportedInterfaceOrientations_iPad = "UIInterfaceOrientationPortrait UIInterfaceOrientationPortraitUpsideDown UIInterfaceOrientationLandscapeLeft UIInterfaceOrientationLandscapeRight";
				INFOPLIST_KEY_UISupportedInterfaceOrientations_iPhone = "UIInterfaceOrientationPortrait UIInterfaceOrientationLandscapeLeft UIInterfaceOrientationLandscapeRight";
				LD_RUNPATH_SEARCH_PATHS = (
					"$(inherited)",
					"@executable_path/Frameworks",
				);
				MARKETING_VERSION = 1.0;
				PRODUCT_BUNDLE_IDENTIFIER = app.enes.PexelsRandomVideo;
				PRODUCT_NAME = "$(TARGET_NAME)";
				SWIFT_EMIT_LOC_STRINGS = YES;
				SWIFT_VERSION = 5.0;
				TARGETED_DEVICE_FAMILY = "1,2";
			};
			name = Release;
		};
/* End XCBuildConfiguration section */

/* Begin XCConfigurationList section */
		BCE498F52BEF517800008159 /* Build configuration list for PBXProject "PexelsRandomVideo" */ = {
			isa = XCConfigurationList;
			buildConfigurations = (
				BCE499062BEF517A00008159 /* Debug */,
				BCE499072BEF517A00008159 /* Release */,
			);
			defaultConfigurationIsVisible = 0;
			defaultConfigurationName = Release;
		};
		BCE499082BEF517A00008159 /* Build configuration list for PBXNativeTarget "PexelsRandomVideo" */ = {
			isa = XCConfigurationList;
			buildConfigurations = (
				BCE499092BEF517A00008159 /* Debug */,
				BCE4990A2BEF517A00008159 /* Release */,
			);
			defaultConfigurationIsVisible = 0;
			defaultConfigurationName = Release;
		};
/* End XCConfigurationList section */
	};
	rootObject = BCE498F22BEF517800008159 /* Project object */;
}
